hash: 03e6551efee36af3135a95c90ab62ef0dc5116227455017630aa033c752c82b9
updated: 2016-07-07T08:34:16.110462933+01:00
imports:
- name: github.com/aws/aws-sdk-go
  version: 0ff4bef8cfb9cc396e6850f2edfe55708552dfcc
  repo: https://github.com/aws/aws-sdk-go
  vcs: git
  subpackages:
  - service
  - aws
  - aws/awserr
  - aws/credentials
  - aws/session
  - service/route53
  - aws/client
  - aws/corehandlers
  - aws/defaults
  - aws/request
  - private/endpoints
  - aws/awsutil
  - aws/client/metadata
  - private/protocol/restxml
  - private/signer/v4
  - aws/credentials/ec2rolecreds
  - aws/ec2metadata
  - private/protocol/query
  - private/protocol/rest
  - private/protocol/xml/xmlutil
  - private/protocol/query/queryutil
  - private/protocol
- name: github.com/go-ini/ini
  version: 927d8d7ced542ab92df77ac1637b6e56336ee0dd
- name: github.com/jmespath/go-jmespath
  version: 0b12d6b521d83fc7f755e7cfc1b1fbdd35a01a74
- name: github.com/lsegal/gucumber
  version: 0ff4bef8cfb9cc396e6850f2edfe55708552dfcc
  repo: https://github.com/lsegal/gucumber
  vcs: git
  subpackages:
  - cmd/gucumber
  - gherkin
- name: github.com/miekg/dns
  version: 0ff4bef8cfb9cc396e6850f2edfe55708552dfcc
- name: github.com/shiena/ansicolor
  version: a422bbe96644373c5753384a59d678f7d261ff10
- name: github.com/stretchr/testify
  version: 0ff4bef8cfb9cc396e6850f2edfe55708552dfcc
  repo: https://github.com/stretchr/testify
  vcs: git
- name: github.com/urfave/cli
  version: 1efa31f08b9333f1bd4882d61f9d668a70cd902e
  repo: https://github.com/urfave/cli
  vcs: git
- name: github.com/vaughan0/go-ini
  version: 0ff4bef8cfb9cc396e6850f2edfe55708552dfcc
  repo: https://github.com/vaughan0/go-ini
  vcs: git
devImports: []
