hash: 4c8d3ed4db248aa31c92b0c8b1b66a671fbd33f5aa90c887808f7e6b1f0ca308
updated: 2016-08-28T13:51:49.384321805+01:00
imports:
- name: github.com/aws/aws-sdk-go
  version: e39222bf4583af667250cfd83a41388937ba56d4
  repo: https://github.com/aws/aws-sdk-go
  vcs: git
  subpackages:
  - aws
  - aws/awserr
  - aws/awsutil
  - aws/client
  - aws/client/metadata
  - aws/corehandlers
  - aws/credentials
  - aws/credentials/ec2rolecreds
  - aws/credentials/endpointcreds
  - aws/credentials/stscreds
  - aws/defaults
  - aws/ec2metadata
  - aws/request
  - aws/session
  - aws/signer/v4
  - private/endpoints
  - private/protocol
  - private/protocol/query
  - private/protocol/query/queryutil
  - private/protocol/rest
  - private/protocol/restxml
  - private/protocol/xml/xmlutil
  - private/waiter
  - service
  - service/route53
  - service/sts
- name: github.com/go-ini/ini
  version: 6e4869b434bd001f6983749881c7ead3545887d8
- name: github.com/gucumber/gucumber
  version: 71608e2f6e76fd4da5b09a376aeec7a5c0b5edbc
  subpackages:
  - gherkin
- name: github.com/jmespath/go-jmespath
  version: bd40a432e4c76585ef6b72d3fd96fb9b6dc7b68d
- name: github.com/lsegal/gucumber
  version: 71608e2f6e76fd4da5b09a376aeec7a5c0b5edbc
- name: github.com/miekg/dns
  version: db96a2b759cdef4f11a34506a42eb8d1290c598e
- name: github.com/shiena/ansicolor
  version: a422bbe96644373c5753384a59d678f7d261ff10
- name: github.com/stretchr/testify
  version: d77da356e56a7428ad25149ca77381849a6a5232
  repo: https://github.com/stretchr/testify
  vcs: git
  subpackages:
  - assert
- name: github.com/urfave/cli
  version: 05fe449c81eb7305a34e9253c321c960a1c5e057
  repo: https://github.com/urfave/cli
  vcs: git
- name: github.com/vaughan0/go-ini
  version: a98ad7ee00ec53921f08832bc06ecf7fd600e6a1
  repo: https://github.com/vaughan0/go-ini
  vcs: git
testImports:
- name: github.com/davecgh/go-spew
  version: 6cf5744a041a0022271cefed95ba843f6d87fd51
  subpackages:
  - spew
- name: github.com/pmezard/go-difflib
  version: 792786c7400a136282c1664665ae0a8db921c6c2
  subpackages:
  - difflib
